<Solution>
  <Configurations>
    <Platform Name="Any CPU" />
    <Platform Name="x64" />
    <Platform Name="x86" />
  </Configurations>
  <Project Path="OthelloCli/OthelloCli.csproj" />
  <Project Path="OthelloGame/OthelloGame.csproj" />
  <Project Path="OthelloTests/OthelloTests.csproj" />
</Solution>
