
Microsoft Visual Studio Solution File, Format Version 12.00
# Visual Studio Version 17
VisualStudioVersion = 17.0.31903.59
MinimumVisualStudioVersion = 10.0.40219.1
Project("{FAE04EC0-301F-11D3-BF4B-00C04F79EFBC}") = "WinterPasswordLib", "WinterPasswordLib\WinterPasswordLib.csproj", "{2BCD473B-EC9C-4682-B932-D74C80FF5467}"
EndProject
Project("{FAE04EC0-301F-11D3-BF4B-00C04F79EFBC}") = "McpServerSdk", "McpServerSdk\McpServerSdk.csproj", "{1B535F48-A49A-4A6E-875F-20B888B422B2}"
EndProject
Project("{FAE04EC0-301F-11D3-BF4B-00C04F79EFBC}") = "McpServerNoSdk", "McpServerNoSdk\McpServerNoSdk.csproj", "{0B5EB295-6EE2-4B9B-8E10-7B78EF7BCE1E}"
EndProject
Project("{FAE04EC0-301F-11D3-BF4B-00C04F79EFBC}") = "McpServerSampling", "McpServerSampling\McpServerSampling.csproj", "{4D5ADCA7-5E9A-4BC3-A00D-9F2A3E50C628}"
EndProject
Project("{FAE04EC0-301F-11D3-BF4B-00C04F79EFBC}") = "McpClient", "McpClient\McpClient.csproj", "{0C523982-98F5-4637-95DC-89C2B977B2F1}"
EndProject
Project("{FAE04EC0-301F-11D3-BF4B-00C04F79EFBC}") = "McpServerVerifyImage", "McpServerVerifyImage\McpServerVerifyImage.csproj", "{346F2792-2218-4C3E-8C95-5B349F4D419A}"
EndProject
Global
	GlobalSection(SolutionConfigurationPlatforms) = preSolution
		Debug|Any CPU = Debug|Any CPU
		Debug|x64 = Debug|x64
		Debug|x86 = Debug|x86
		Release|Any CPU = Release|Any CPU
		Release|x64 = Release|x64
		Release|x86 = Release|x86
	EndGlobalSection
	GlobalSection(ProjectConfigurationPlatforms) = postSolution
		{2BCD473B-EC9C-4682-B932-D74C80FF5467}.Debug|Any CPU.ActiveCfg = Debug|Any CPU
		{2BCD473B-EC9C-4682-B932-D74C80FF5467}.Debug|Any CPU.Build.0 = Debug|Any CPU
		{2BCD473B-EC9C-4682-B932-D74C80FF5467}.Debug|x64.ActiveCfg = Debug|Any CPU
		{2BCD473B-EC9C-4682-B932-D74C80FF5467}.Debug|x64.Build.0 = Debug|Any CPU
		{2BCD473B-EC9C-4682-B932-D74C80FF5467}.Debug|x86.ActiveCfg = Debug|Any CPU
		{2BCD473B-EC9C-4682-B932-D74C80FF5467}.Debug|x86.Build.0 = Debug|Any CPU
		{2BCD473B-EC9C-4682-B932-D74C80FF5467}.Release|Any CPU.ActiveCfg = Release|Any CPU
		{2BCD473B-EC9C-4682-B932-D74C80FF5467}.Release|Any CPU.Build.0 = Release|Any CPU
		{2BCD473B-EC9C-4682-B932-D74C80FF5467}.Release|x64.ActiveCfg = Release|Any CPU
		{2BCD473B-EC9C-4682-B932-D74C80FF5467}.Release|x64.Build.0 = Release|Any CPU
		{2BCD473B-EC9C-4682-B932-D74C80FF5467}.Release|x86.ActiveCfg = Release|Any CPU
		{2BCD473B-EC9C-4682-B932-D74C80FF5467}.Release|x86.Build.0 = Release|Any CPU
		{1B535F48-A49A-4A6E-875F-20B888B422B2}.Debug|Any CPU.ActiveCfg = Debug|Any CPU
		{1B535F48-A49A-4A6E-875F-20B888B422B2}.Debug|Any CPU.Build.0 = Debug|Any CPU
		{1B535F48-A49A-4A6E-875F-20B888B422B2}.Debug|x64.ActiveCfg = Debug|Any CPU
		{1B535F48-A49A-4A6E-875F-20B888B422B2}.Debug|x64.Build.0 = Debug|Any CPU
		{1B535F48-A49A-4A6E-875F-20B888B422B2}.Debug|x86.ActiveCfg = Debug|Any CPU
		{1B535F48-A49A-4A6E-875F-20B888B422B2}.Debug|x86.Build.0 = Debug|Any CPU
		{1B535F48-A49A-4A6E-875F-20B888B422B2}.Release|Any CPU.ActiveCfg = Release|Any CPU
		{1B535F48-A49A-4A6E-875F-20B888B422B2}.Release|Any CPU.Build.0 = Release|Any CPU
		{1B535F48-A49A-4A6E-875F-20B888B422B2}.Release|x64.ActiveCfg = Release|Any CPU
		{1B535F48-A49A-4A6E-875F-20B888B422B2}.Release|x64.Build.0 = Release|Any CPU
		{1B535F48-A49A-4A6E-875F-20B888B422B2}.Release|x86.ActiveCfg = Release|Any CPU
		{1B535F48-A49A-4A6E-875F-20B888B422B2}.Release|x86.Build.0 = Release|Any CPU
		{0B5EB295-6EE2-4B9B-8E10-7B78EF7BCE1E}.Debug|Any CPU.ActiveCfg = Debug|Any CPU
		{0B5EB295-6EE2-4B9B-8E10-7B78EF7BCE1E}.Debug|Any CPU.Build.0 = Debug|Any CPU
		{0B5EB295-6EE2-4B9B-8E10-7B78EF7BCE1E}.Debug|x64.ActiveCfg = Debug|Any CPU
		{0B5EB295-6EE2-4B9B-8E10-7B78EF7BCE1E}.Debug|x64.Build.0 = Debug|Any CPU
		{0B5EB295-6EE2-4B9B-8E10-7B78EF7BCE1E}.Debug|x86.ActiveCfg = Debug|Any CPU
		{0B5EB295-6EE2-4B9B-8E10-7B78EF7BCE1E}.Debug|x86.Build.0 = Debug|Any CPU
		{0B5EB295-6EE2-4B9B-8E10-7B78EF7BCE1E}.Release|Any CPU.ActiveCfg = Release|Any CPU
		{0B5EB295-6EE2-4B9B-8E10-7B78EF7BCE1E}.Release|Any CPU.Build.0 = Release|Any CPU
		{0B5EB295-6EE2-4B9B-8E10-7B78EF7BCE1E}.Release|x64.ActiveCfg = Release|Any CPU
		{0B5EB295-6EE2-4B9B-8E10-7B78EF7BCE1E}.Release|x64.Build.0 = Release|Any CPU
		{0B5EB295-6EE2-4B9B-8E10-7B78EF7BCE1E}.Release|x86.ActiveCfg = Release|Any CPU
		{0B5EB295-6EE2-4B9B-8E10-7B78EF7BCE1E}.Release|x86.Build.0 = Release|Any CPU
		{4D5ADCA7-5E9A-4BC3-A00D-9F2A3E50C628}.Debug|Any CPU.ActiveCfg = Debug|Any CPU
		{4D5ADCA7-5E9A-4BC3-A00D-9F2A3E50C628}.Debug|Any CPU.Build.0 = Debug|Any CPU
		{4D5ADCA7-5E9A-4BC3-A00D-9F2A3E50C628}.Debug|x64.ActiveCfg = Debug|Any CPU
		{4D5ADCA7-5E9A-4BC3-A00D-9F2A3E50C628}.Debug|x64.Build.0 = Debug|Any CPU
		{4D5ADCA7-5E9A-4BC3-A00D-9F2A3E50C628}.Debug|x86.ActiveCfg = Debug|Any CPU
		{4D5ADCA7-5E9A-4BC3-A00D-9F2A3E50C628}.Debug|x86.Build.0 = Debug|Any CPU
		{4D5ADCA7-5E9A-4BC3-A00D-9F2A3E50C628}.Release|Any CPU.ActiveCfg = Release|Any CPU
		{4D5ADCA7-5E9A-4BC3-A00D-9F2A3E50C628}.Release|Any CPU.Build.0 = Release|Any CPU
		{4D5ADCA7-5E9A-4BC3-A00D-9F2A3E50C628}.Release|x64.ActiveCfg = Release|Any CPU
		{4D5ADCA7-5E9A-4BC3-A00D-9F2A3E50C628}.Release|x64.Build.0 = Release|Any CPU
		{4D5ADCA7-5E9A-4BC3-A00D-9F2A3E50C628}.Release|x86.ActiveCfg = Release|Any CPU
		{4D5ADCA7-5E9A-4BC3-A00D-9F2A3E50C628}.Release|x86.Build.0 = Release|Any CPU
		{0C523982-98F5-4637-95DC-89C2B977B2F1}.Debug|Any CPU.ActiveCfg = Debug|Any CPU
		{0C523982-98F5-4637-95DC-89C2B977B2F1}.Debug|Any CPU.Build.0 = Debug|Any CPU
		{0C523982-98F5-4637-95DC-89C2B977B2F1}.Debug|x64.ActiveCfg = Debug|Any CPU
		{0C523982-98F5-4637-95DC-89C2B977B2F1}.Debug|x64.Build.0 = Debug|Any CPU
		{0C523982-98F5-4637-95DC-89C2B977B2F1}.Debug|x86.ActiveCfg = Debug|Any CPU
		{0C523982-98F5-4637-95DC-89C2B977B2F1}.Debug|x86.Build.0 = Debug|Any CPU
		{0C523982-98F5-4637-95DC-89C2B977B2F1}.Release|Any CPU.ActiveCfg = Release|Any CPU
		{0C523982-98F5-4637-95DC-89C2B977B2F1}.Release|Any CPU.Build.0 = Release|Any CPU
		{0C523982-98F5-4637-95DC-89C2B977B2F1}.Release|x64.ActiveCfg = Release|Any CPU
		{0C523982-98F5-4637-95DC-89C2B977B2F1}.Release|x64.Build.0 = Release|Any CPU
		{0C523982-98F5-4637-95DC-89C2B977B2F1}.Release|x86.ActiveCfg = Release|Any CPU
		{0C523982-98F5-4637-95DC-89C2B977B2F1}.Release|x86.Build.0 = Release|Any CPU
		{346F2792-2218-4C3E-8C95-5B349F4D419A}.Debug|Any CPU.ActiveCfg = Debug|Any CPU
		{346F2792-2218-4C3E-8C95-5B349F4D419A}.Debug|Any CPU.Build.0 = Debug|Any CPU
		{346F2792-2218-4C3E-8C95-5B349F4D419A}.Debug|x64.ActiveCfg = Debug|Any CPU
		{346F2792-2218-4C3E-8C95-5B349F4D419A}.Debug|x64.Build.0 = Debug|Any CPU
		{346F2792-2218-4C3E-8C95-5B349F4D419A}.Debug|x86.ActiveCfg = Debug|Any CPU
		{346F2792-2218-4C3E-8C95-5B349F4D419A}.Debug|x86.Build.0 = Debug|Any CPU
		{346F2792-2218-4C3E-8C95-5B349F4D419A}.Release|Any CPU.ActiveCfg = Release|Any CPU
		{346F2792-2218-4C3E-8C95-5B349F4D419A}.Release|Any CPU.Build.0 = Release|Any CPU
		{346F2792-2218-4C3E-8C95-5B349F4D419A}.Release|x64.ActiveCfg = Release|Any CPU
		{346F2792-2218-4C3E-8C95-5B349F4D419A}.Release|x64.Build.0 = Release|Any CPU
		{346F2792-2218-4C3E-8C95-5B349F4D419A}.Release|x86.ActiveCfg = Release|Any CPU
		{346F2792-2218-4C3E-8C95-5B349F4D419A}.Release|x86.Build.0 = Release|Any CPU
	EndGlobalSection
	GlobalSection(SolutionProperties) = preSolution
		HideSolutionNode = FALSE
	EndGlobalSection
EndGlobal
